
Microsoft Visual Studio Solution File, Format Version 12.00
# Visual Studio 15
VisualStudioVersion = 15.0.28307.779
MinimumVisualStudioVersion = 10.0.40219.1
Project("{888888A0-9F3D-457C-B088-3A5042F75D52}") = "Vasicek", "Vasicek.pyproj", "{CC17EFD7-3F92-46BE-A80F-2AB1FCAB801A}"
EndProject
Global
	GlobalSection(SolutionConfigurationPlatforms) = preSolution
		Debug|Any CPU = Debug|Any CPU
		Release|Any CPU = Release|Any CPU
	EndGlobalSection
	GlobalSection(ProjectConfigurationPlatforms) = postSolution
		{CC17EFD7-3F92-46BE-A80F-2AB1FCAB801A}.Debug|Any CPU.ActiveCfg = Debug|Any CPU
		{CC17EFD7-3F92-46BE-A80F-2AB1FCAB801A}.Release|Any CPU.ActiveCfg = Release|Any CPU
	EndGlobalSection
	GlobalSection(SolutionProperties) = preSolution
		HideSolutionNode = FALSE
	EndGlobalSection
	GlobalSection(ExtensibilityGlobals) = postSolution
		SolutionGuid = {98D1115F-C6FB-45CA-8938-F346E41D7D0E}
	EndGlobalSection
EndGlobal
